
Microsoft Visual Studio Solution File, Format Version 12.00
# Visual Studio Version 17
VisualStudioVersion = 17.1.32228.430
MinimumVisualStudioVersion = 10.0.40219.1
Project("{9A19103F-16F7-4668-BE54-9A1E7A4F7556}") = "Posta", "Posta\Posta.csproj", "{9E4DD16B-EBAE-4133-8FAC-F72506C11390}"
EndProject
Project("{2150E333-8FDC-42A3-9474-1A3956D46DE8}") = "Solution Items", "Solution Items", "{920092E5-00E6-4756-BDB6-23D1735C6962}"
	ProjectSection(SolutionItems) = preProject
		..\Awr.txt = ..\Awr.txt
	EndProjectSection
EndProject
Project("{9A19103F-16F7-4668-BE54-9A1E7A4F7556}") = "PostaTypes", "..\PostaTypes\PostaTypes\PostaTypes.csproj", "{22701BAC-AFBF-4D89-B21D-F2734EEB757E}"
EndProject
Global
	GlobalSection(SolutionConfigurationPlatforms) = preSolution
		Debug|Any CPU = Debug|Any CPU
		Release|Any CPU = Release|Any CPU
	EndGlobalSection
	GlobalSection(ProjectConfigurationPlatforms) = postSolution
		{9E4DD16B-EBAE-4133-8FAC-F72506C11390}.Debug|Any CPU.ActiveCfg = Debug|Any CPU
		{9E4DD16B-EBAE-4133-8FAC-F72506C11390}.Debug|Any CPU.Build.0 = Debug|Any CPU
		{9E4DD16B-EBAE-4133-8FAC-F72506C11390}.Release|Any CPU.ActiveCfg = Release|Any CPU
		{9E4DD16B-EBAE-4133-8FAC-F72506C11390}.Release|Any CPU.Build.0 = Release|Any CPU
		{22701BAC-AFBF-4D89-B21D-F2734EEB757E}.Debug|Any CPU.ActiveCfg = Debug|Any CPU
		{22701BAC-AFBF-4D89-B21D-F2734EEB757E}.Debug|Any CPU.Build.0 = Debug|Any CPU
		{22701BAC-AFBF-4D89-B21D-F2734EEB757E}.Release|Any CPU.ActiveCfg = Release|Any CPU
		{22701BAC-AFBF-4D89-B21D-F2734EEB757E}.Release|Any CPU.Build.0 = Release|Any CPU
	EndGlobalSection
	GlobalSection(SolutionProperties) = preSolution
		HideSolutionNode = FALSE
	EndGlobalSection
	GlobalSection(ExtensibilityGlobals) = postSolution
		SolutionGuid = {68F2D4C1-3BC9-4A6A-8AE7-40A5C5BBF577}
	EndGlobalSection
EndGlobal
